
Microsoft Visual Studio Solution File, Format Version 12.00
# Visual Studio 14
VisualStudioVersion = 14.0.24720.0
MinimumVisualStudioVersion = 10.0.40219.1
Project("{FAE04EC0-301F-11D3-BF4B-00C04F79EFBC}") = "Plan for SEO and accessibility", "Plan for SEO and accessibility\Plan for SEO and accessibility.csproj", "{9BDA30FF-A203-45E6-891F-3F98C043F5E4}"
EndProject
Project("{FAE04EC0-301F-11D3-BF4B-00C04F79EFBC}") = "Globalization and localization", "Globalization and localization\Globalization and localization.csproj", "{C65DADEE-2E50-4799-A740-55C094876BA9}"
EndProject
Project("{FAE04EC0-301F-11D3-BF4B-00C04F79EFBC}") = "Design and implement MVC controllers", "Design and implement MVC controllers\Design and implement MVC controllers.csproj", "{2E519D90-895E-481D-9BCF-2B5E79F6051B}"
EndProject
Global
	GlobalSection(SolutionConfigurationPlatforms) = preSolution
		Debug|Any CPU = Debug|Any CPU
		Release|Any CPU = Release|Any CPU
	EndGlobalSection
	GlobalSection(ProjectConfigurationPlatforms) = postSolution
		{9BDA30FF-A203-45E6-891F-3F98C043F5E4}.Debug|Any CPU.ActiveCfg = Debug|Any CPU
		{9BDA30FF-A203-45E6-891F-3F98C043F5E4}.Debug|Any CPU.Build.0 = Debug|Any CPU
		{9BDA30FF-A203-45E6-891F-3F98C043F5E4}.Release|Any CPU.ActiveCfg = Release|Any CPU
		{9BDA30FF-A203-45E6-891F-3F98C043F5E4}.Release|Any CPU.Build.0 = Release|Any CPU
		{C65DADEE-2E50-4799-A740-55C094876BA9}.Debug|Any CPU.ActiveCfg = Debug|Any CPU
		{C65DADEE-2E50-4799-A740-55C094876BA9}.Debug|Any CPU.Build.0 = Debug|Any CPU
		{C65DADEE-2E50-4799-A740-55C094876BA9}.Release|Any CPU.ActiveCfg = Release|Any CPU
		{C65DADEE-2E50-4799-A740-55C094876BA9}.Release|Any CPU.Build.0 = Release|Any CPU
		{2E519D90-895E-481D-9BCF-2B5E79F6051B}.Debug|Any CPU.ActiveCfg = Debug|Any CPU
		{2E519D90-895E-481D-9BCF-2B5E79F6051B}.Debug|Any CPU.Build.0 = Debug|Any CPU
		{2E519D90-895E-481D-9BCF-2B5E79F6051B}.Release|Any CPU.ActiveCfg = Release|Any CPU
		{2E519D90-895E-481D-9BCF-2B5E79F6051B}.Release|Any CPU.Build.0 = Release|Any CPU
	EndGlobalSection
	GlobalSection(SolutionProperties) = preSolution
		HideSolutionNode = FALSE
	EndGlobalSection
EndGlobal
